{
  "version": 4,
  "terraform_version": "1.0.4",
  "serial": 10,
  "lineage": "b7009ac6-322e-5332-e56c-eedc68be0737",
  "outputs": {
    "instance-1-public_ip": {
      "value": "3.237.20.11",
      "type": "string"
    },
    "instance-2-public_ip": {
      "value": "3.237.46.69",
      "type": "string"
    },
    "instance-3-public_ip": {
      "value": "18.207.237.77",
      "type": "string"
    }
  },
  "resources": [
    {
      "mode": "data",
      "type": "aws_ami",
      "name": "ubuntu",
      "provider": "provider[\"registry.terraform.io/hashicorp/aws\"]",
      "instances": [
        {
          "schema_version": 0,
          "attributes": {
            "architecture": "x86_64",
            "arn": "arn:aws:ec2:us-east-1::image/ami-083654bd07b5da81d",
            "block_device_mappings": [
              {
                "device_name": "/dev/sda1",
                "ebs": {
                  "delete_on_termination": "true",
                  "encrypted": "false",
                  "iops": "0",
                  "snapshot_id": "snap-0c97f1c43c6bb2043",
                  "throughput": "0",
                  "volume_size": "8",
                  "volume_type": "gp2"
                },
                "no_device": "",
                "virtual_name": ""
              },
              {
                "device_name": "/dev/sdb",
                "ebs": {},
                "no_device": "",
                "virtual_name": "ephemeral0"
              },
              {
                "device_name": "/dev/sdc",
                "ebs": {},
                "no_device": "",
                "virtual_name": "ephemeral1"
              }
            ],
            "creation_date": "2021-10-22T00:40:53.000Z",
            "description": "Canonical, Ubuntu, 20.04 LTS, amd64 focal image build on 2021-10-21",
            "executable_users": null,
            "filter": [
              {
                "name": "name",
                "values": [
                  "ubuntu/images/hvm-ssd/ubuntu-*20*-amd64-server-*"
                ]
              },
              {
                "name": "virtualization-type",
                "values": [
                  "hvm"
                ]
              }
            ],
            "hypervisor": "xen",
            "id": "ami-083654bd07b5da81d",
            "image_id": "ami-083654bd07b5da81d",
            "image_location": "099720109477/ubuntu/images/hvm-ssd/ubuntu-focal-20.04-amd64-server-20211021",
            "image_owner_alias": null,
            "image_type": "machine",
            "kernel_id": null,
            "most_recent": true,
            "name": "ubuntu/images/hvm-ssd/ubuntu-focal-20.04-amd64-server-20211021",
            "name_regex": null,
            "owner_id": "099720109477",
            "owners": [
              "099720109477"
            ],
            "platform": null,
            "product_codes": [],
            "public": true,
            "ramdisk_id": null,
            "root_device_name": "/dev/sda1",
            "root_device_type": "ebs",
            "root_snapshot_id": "snap-0c97f1c43c6bb2043",
            "sriov_net_support": "simple",
            "state": "available",
            "state_reason": {
              "code": "UNSET",
              "message": "UNSET"
            },
            "tags": {},
            "virtualization_type": "hvm"
          },
          "sensitive_attributes": []
        }
      ]
    },
    {
      "mode": "data",
      "type": "template_file",
      "name": "user_data",
      "provider": "provider[\"registry.terraform.io/hashicorp/template\"]",
      "instances": [
        {
          "schema_version": 0,
          "attributes": {
            "filename": null,
            "id": "d5ecd6d4b75b6ea7a234178ad1188e704479d470185bb3097921445f4673b949",
            "rendered": "#cloud-config\n# Add groups to the system\n# Adds the ubuntu group with members 'root' and 'sys'\n# and the empty group hashicorp.\ngroups:\n  - ubuntu: [root,sys]\n  - hashicorp\n\n# Add users to the system. Users are added after groups are added.\nusers:\n  - default\n  - name: terraform\n    gecos: terraform\n    shell: /bin/bash\n    primary_group: hashicorp\n    sudo: ALL=(ALL) NOPASSWD:ALL\n    groups: users, admin\n    lock_passwd: false\n    ssh_authorized_keys:\n      - ssh-rsa AAAAB3NzaC1yc2EAAAADAQABAAABgQDK43a7hK8XQYmfjNTqttSCpztLwuXWDiV0y5sBsu/qHEyaYCatpnyrxUZvNbYEzyI4fnlMG7P8wnFLJExWoDf9UEiny7wFuz4bwgV6cIkDbAhjeDB92XS30W8yLvlc8eBanSeWGb6HbL7d3xMtTV7b20oy0/7pHymvu+1IxfLjSRkbD0NUW4R3MoxYwKRfApfYBmVDaXWlDB42OfQhn30psB/3havLdLEgLQb0L2E/+f91jAkIIACzMasV7WOnY0HL9/UGvuBwvUcBZ68+7+ardYeDx4/VMdsaPCFlOPOdmCKEtunb522dAOeIdNbUcf07x5sYEwSjb/3xlQLHvisqNvF5VtOgX+39vBHmaJA8SiDo3Md+88Eu5Ca9/c3yfhNfk+Z7yedfz0sgeWjdlkbiUrOFKIWkkLgrTlzEciFOtuSPI34TuY3ksWAaCKHSxe6hJxdUAVhbCELzcz6ML7T6hELoVi/1T46o+KGEGIoh4yPzkv54MhieuFpFbiWC0TU= rugajean51@gmail.com\n\n# Downloads the golang package\n#packages:\n#  - golang-go\n\n# Sets the GOPATH \u0026 downloads the demo payload\n#runcmd:\n#  - sudo su terraform\n#  - sudo mkdir /home/terraform/go\n#  - sudo chown terraform:hashicorp /home/terraform/go\n#  - export GOPATH=/home/terraform/go\n# - go get github.com/hashicorp/learn-go-webapp-demo\n#  - cd go/src/github.com/hashicorp/learn-go-webapp-demo\n#  - go run webapp.go\n",
            "template": "#cloud-config\n# Add groups to the system\n# Adds the ubuntu group with members 'root' and 'sys'\n# and the empty group hashicorp.\ngroups:\n  - ubuntu: [root,sys]\n  - hashicorp\n\n# Add users to the system. Users are added after groups are added.\nusers:\n  - default\n  - name: terraform\n    gecos: terraform\n    shell: /bin/bash\n    primary_group: hashicorp\n    sudo: ALL=(ALL) NOPASSWD:ALL\n    groups: users, admin\n    lock_passwd: false\n    ssh_authorized_keys:\n      - ssh-rsa AAAAB3NzaC1yc2EAAAADAQABAAABgQDK43a7hK8XQYmfjNTqttSCpztLwuXWDiV0y5sBsu/qHEyaYCatpnyrxUZvNbYEzyI4fnlMG7P8wnFLJExWoDf9UEiny7wFuz4bwgV6cIkDbAhjeDB92XS30W8yLvlc8eBanSeWGb6HbL7d3xMtTV7b20oy0/7pHymvu+1IxfLjSRkbD0NUW4R3MoxYwKRfApfYBmVDaXWlDB42OfQhn30psB/3havLdLEgLQb0L2E/+f91jAkIIACzMasV7WOnY0HL9/UGvuBwvUcBZ68+7+ardYeDx4/VMdsaPCFlOPOdmCKEtunb522dAOeIdNbUcf07x5sYEwSjb/3xlQLHvisqNvF5VtOgX+39vBHmaJA8SiDo3Md+88Eu5Ca9/c3yfhNfk+Z7yedfz0sgeWjdlkbiUrOFKIWkkLgrTlzEciFOtuSPI34TuY3ksWAaCKHSxe6hJxdUAVhbCELzcz6ML7T6hELoVi/1T46o+KGEGIoh4yPzkv54MhieuFpFbiWC0TU= rugajean51@gmail.com\n\n# Downloads the golang package\n#packages:\n#  - golang-go\n\n# Sets the GOPATH \u0026 downloads the demo payload\n#runcmd:\n#  - sudo su terraform\n#  - sudo mkdir /home/terraform/go\n#  - sudo chown terraform:hashicorp /home/terraform/go\n#  - export GOPATH=/home/terraform/go\n# - go get github.com/hashicorp/learn-go-webapp-demo\n#  - cd go/src/github.com/hashicorp/learn-go-webapp-demo\n#  - go run webapp.go\n",
            "vars": null
          },
          "sensitive_attributes": []
        }
      ]
    },
    {
      "mode": "managed",
      "type": "aws_instance",
      "name": "server-instance-1",
      "provider": "provider[\"registry.terraform.io/hashicorp/aws\"]",
      "instances": [
        {
          "schema_version": 1,
          "attributes": {
            "ami": "ami-083654bd07b5da81d",
            "arn": "arn:aws:ec2:us-east-1:296094755179:instance/i-069f3ef370ac344d0",
            "associate_public_ip_address": true,
            "availability_zone": "us-east-1f",
            "cpu_core_count": 1,
            "cpu_threads_per_core": 1,
            "credit_specification": [
              {
                "cpu_credits": "standard"
              }
            ],
            "disable_api_termination": false,
            "ebs_block_device": [],
            "ebs_optimized": false,
            "enclave_options": [
              {
                "enabled": false
              }
            ],
            "ephemeral_block_device": [],
            "get_password_data": false,
            "hibernation": false,
            "host_id": null,
            "iam_instance_profile": "",
            "id": "i-069f3ef370ac344d0",
            "instance_initiated_shutdown_behavior": null,
            "instance_state": "running",
            "instance_type": "t2.micro",
            "ipv6_address_count": 0,
            "ipv6_addresses": [],
            "key_name": "",
            "metadata_options": [
              {
                "http_endpoint": "enabled",
                "http_put_response_hop_limit": 1,
                "http_tokens": "optional"
              }
            ],
            "monitoring": false,
            "network_interface": [],
            "outpost_arn": "",
            "password_data": "",
            "placement_group": "",
            "primary_network_interface_id": "eni-01e15b09c680d710c",
            "private_dns": "ip-10-1-0-122.ec2.internal",
            "private_ip": "10.1.0.122",
            "public_dns": "ec2-3-237-20-11.compute-1.amazonaws.com",
            "public_ip": "3.237.20.11",
            "root_block_device": [
              {
                "delete_on_termination": true,
                "device_name": "/dev/sda1",
                "encrypted": false,
                "iops": 100,
                "kms_key_id": "",
                "tags": {},
                "throughput": 0,
                "volume_id": "vol-040400f33a1543c1e",
                "volume_size": 8,
                "volume_type": "gp2"
              }
            ],
            "secondary_private_ips": [],
            "security_groups": [],
            "source_dest_check": true,
            "subnet_id": "subnet-042e769b1c6161afa",
            "tags": {
              "Name": "instance-1"
            },
            "tenancy": "default",
            "timeouts": null,
            "user_data": "ab632655aab8cff82c9b8f47bca385ac32490236",
            "user_data_base64": null,
            "volume_tags": null,
            "vpc_security_group_ids": [
              "sg-0d65ef1fd86e87aca"
            ]
          },
          "sensitive_attributes": [],
          "private": "eyJlMmJmYjczMC1lY2FhLTExZTYtOGY4OC0zNDM2M2JjN2M0YzAiOnsiY3JlYXRlIjo2MDAwMDAwMDAwMDAsImRlbGV0ZSI6MTIwMDAwMDAwMDAwMCwidXBkYXRlIjo2MDAwMDAwMDAwMDB9LCJzY2hlbWFfdmVyc2lvbiI6IjEifQ==",
          "dependencies": [
            "aws_security_group.sg_22_80",
            "aws_subnet.subnet_public",
            "aws_vpc.vpc",
            "data.aws_ami.ubuntu",
            "data.template_file.user_data"
          ]
        }
      ]
    },
    {
      "mode": "managed",
      "type": "aws_instance",
      "name": "server-instance-2",
      "provider": "provider[\"registry.terraform.io/hashicorp/aws\"]",
      "instances": [
        {
          "schema_version": 1,
          "attributes": {
            "ami": "ami-083654bd07b5da81d",
            "arn": "arn:aws:ec2:us-east-1:296094755179:instance/i-0491aaa77b174df78",
            "associate_public_ip_address": true,
            "availability_zone": "us-east-1f",
            "cpu_core_count": 1,
            "cpu_threads_per_core": 1,
            "credit_specification": [
              {
                "cpu_credits": "standard"
              }
            ],
            "disable_api_termination": false,
            "ebs_block_device": [],
            "ebs_optimized": false,
            "enclave_options": [
              {
                "enabled": false
              }
            ],
            "ephemeral_block_device": [],
            "get_password_data": false,
            "hibernation": false,
            "host_id": null,
            "iam_instance_profile": "",
            "id": "i-0491aaa77b174df78",
            "instance_initiated_shutdown_behavior": null,
            "instance_state": "running",
            "instance_type": "t2.micro",
            "ipv6_address_count": 0,
            "ipv6_addresses": [],
            "key_name": "",
            "metadata_options": [
              {
                "http_endpoint": "enabled",
                "http_put_response_hop_limit": 1,
                "http_tokens": "optional"
              }
            ],
            "monitoring": false,
            "network_interface": [],
            "outpost_arn": "",
            "password_data": "",
            "placement_group": "",
            "primary_network_interface_id": "eni-06c4beb58b7640afd",
            "private_dns": "ip-10-1-0-75.ec2.internal",
            "private_ip": "10.1.0.75",
            "public_dns": "ec2-3-237-46-69.compute-1.amazonaws.com",
            "public_ip": "3.237.46.69",
            "root_block_device": [
              {
                "delete_on_termination": true,
                "device_name": "/dev/sda1",
                "encrypted": false,
                "iops": 100,
                "kms_key_id": "",
                "tags": {},
                "throughput": 0,
                "volume_id": "vol-00c235bd3cab133a1",
                "volume_size": 8,
                "volume_type": "gp2"
              }
            ],
            "secondary_private_ips": [],
            "security_groups": [],
            "source_dest_check": true,
            "subnet_id": "subnet-042e769b1c6161afa",
            "tags": {
              "Name": "instance-2"
            },
            "tenancy": "default",
            "timeouts": null,
            "user_data": "ab632655aab8cff82c9b8f47bca385ac32490236",
            "user_data_base64": null,
            "volume_tags": null,
            "vpc_security_group_ids": [
              "sg-0d65ef1fd86e87aca"
            ]
          },
          "sensitive_attributes": [],
          "private": "eyJlMmJmYjczMC1lY2FhLTExZTYtOGY4OC0zNDM2M2JjN2M0YzAiOnsiY3JlYXRlIjo2MDAwMDAwMDAwMDAsImRlbGV0ZSI6MTIwMDAwMDAwMDAwMCwidXBkYXRlIjo2MDAwMDAwMDAwMDB9LCJzY2hlbWFfdmVyc2lvbiI6IjEifQ==",
          "dependencies": [
            "aws_security_group.sg_22_80",
            "aws_subnet.subnet_public",
            "aws_vpc.vpc",
            "data.aws_ami.ubuntu",
            "data.template_file.user_data"
          ]
        }
      ]
    },
    {
      "mode": "managed",
      "type": "aws_instance",
      "name": "server-instance-3",
      "provider": "provider[\"registry.terraform.io/hashicorp/aws\"]",
      "instances": [
        {
          "schema_version": 1,
          "attributes": {
            "ami": "ami-083654bd07b5da81d",
            "arn": "arn:aws:ec2:us-east-1:296094755179:instance/i-0790f1ee58a7b9ebc",
            "associate_public_ip_address": true,
            "availability_zone": "us-east-1f",
            "cpu_core_count": 1,
            "cpu_threads_per_core": 1,
            "credit_specification": [
              {
                "cpu_credits": "standard"
              }
            ],
            "disable_api_termination": false,
            "ebs_block_device": [],
            "ebs_optimized": false,
            "enclave_options": [
              {
                "enabled": false
              }
            ],
            "ephemeral_block_device": [],
            "get_password_data": false,
            "hibernation": false,
            "host_id": null,
            "iam_instance_profile": "",
            "id": "i-0790f1ee58a7b9ebc",
            "instance_initiated_shutdown_behavior": null,
            "instance_state": "running",
            "instance_type": "t2.micro",
            "ipv6_address_count": 0,
            "ipv6_addresses": [],
            "key_name": "",
            "metadata_options": [
              {
                "http_endpoint": "enabled",
                "http_put_response_hop_limit": 1,
                "http_tokens": "optional"
              }
            ],
            "monitoring": false,
            "network_interface": [],
            "outpost_arn": "",
            "password_data": "",
            "placement_group": "",
            "primary_network_interface_id": "eni-0261eb8243814e401",
            "private_dns": "ip-10-1-0-90.ec2.internal",
            "private_ip": "10.1.0.90",
            "public_dns": "ec2-18-207-237-77.compute-1.amazonaws.com",
            "public_ip": "18.207.237.77",
            "root_block_device": [
              {
                "delete_on_termination": true,
                "device_name": "/dev/sda1",
                "encrypted": false,
                "iops": 100,
                "kms_key_id": "",
                "tags": {},
                "throughput": 0,
                "volume_id": "vol-0b1cc4baab32181e5",
                "volume_size": 8,
                "volume_type": "gp2"
              }
            ],
            "secondary_private_ips": [],
            "security_groups": [],
            "source_dest_check": true,
            "subnet_id": "subnet-042e769b1c6161afa",
            "tags": {
              "Name": "instance-3"
            },
            "tenancy": "default",
            "timeouts": null,
            "user_data": "ab632655aab8cff82c9b8f47bca385ac32490236",
            "user_data_base64": null,
            "volume_tags": null,
            "vpc_security_group_ids": [
              "sg-0d65ef1fd86e87aca"
            ]
          },
          "sensitive_attributes": [],
          "private": "eyJlMmJmYjczMC1lY2FhLTExZTYtOGY4OC0zNDM2M2JjN2M0YzAiOnsiY3JlYXRlIjo2MDAwMDAwMDAwMDAsImRlbGV0ZSI6MTIwMDAwMDAwMDAwMCwidXBkYXRlIjo2MDAwMDAwMDAwMDB9LCJzY2hlbWFfdmVyc2lvbiI6IjEifQ==",
          "dependencies": [
            "aws_security_group.sg_22_80",
            "aws_subnet.subnet_public",
            "aws_vpc.vpc",
            "data.aws_ami.ubuntu",
            "data.template_file.user_data"
          ]
        }
      ]
    },
    {
      "mode": "managed",
      "type": "aws_internet_gateway",
      "name": "igw",
      "provider": "provider[\"registry.terraform.io/hashicorp/aws\"]",
      "instances": [
        {
          "schema_version": 0,
          "attributes": {
            "arn": "arn:aws:ec2:us-east-1:296094755179:internet-gateway/igw-0bb3903b97c839d12",
            "id": "igw-0bb3903b97c839d12",
            "owner_id": "296094755179",
            "tags": null,
            "vpc_id": "vpc-01dfe1eaeb6a29950"
          },
          "sensitive_attributes": [],
          "private": "bnVsbA==",
          "dependencies": [
            "aws_vpc.vpc"
          ]
        }
      ]
    },
    {
      "mode": "managed",
      "type": "aws_route_table",
      "name": "rtb_public",
      "provider": "provider[\"registry.terraform.io/hashicorp/aws\"]",
      "instances": [
        {
          "schema_version": 0,
          "attributes": {
            "id": "rtb-0da624fe512de4283",
            "owner_id": "296094755179",
            "propagating_vgws": [],
            "route": [
              {
                "cidr_block": "0.0.0.0/0",
                "egress_only_gateway_id": "",
                "gateway_id": "igw-0bb3903b97c839d12",
                "instance_id": "",
                "ipv6_cidr_block": "",
                "local_gateway_id": "",
                "nat_gateway_id": "",
                "network_interface_id": "",
                "transit_gateway_id": "",
                "vpc_endpoint_id": "",
                "vpc_peering_connection_id": ""
              }
            ],
            "tags": null,
            "vpc_id": "vpc-01dfe1eaeb6a29950"
          },
          "sensitive_attributes": [],
          "private": "bnVsbA==",
          "dependencies": [
            "aws_internet_gateway.igw",
            "aws_vpc.vpc"
          ]
        }
      ]
    },
    {
      "mode": "managed",
      "type": "aws_route_table_association",
      "name": "rta_subnet_public",
      "provider": "provider[\"registry.terraform.io/hashicorp/aws\"]",
      "instances": [
        {
          "schema_version": 0,
          "attributes": {
            "gateway_id": null,
            "id": "rtbassoc-0cbc71af6b5686a07",
            "route_table_id": "rtb-0da624fe512de4283",
            "subnet_id": "subnet-042e769b1c6161afa"
          },
          "sensitive_attributes": [],
          "private": "bnVsbA==",
          "dependencies": [
            "aws_internet_gateway.igw",
            "aws_route_table.rtb_public",
            "aws_subnet.subnet_public",
            "aws_vpc.vpc"
          ]
        }
      ]
    },
    {
      "mode": "managed",
      "type": "aws_security_group",
      "name": "sg_22_80",
      "provider": "provider[\"registry.terraform.io/hashicorp/aws\"]",
      "instances": [
        {
          "schema_version": 1,
          "attributes": {
            "arn": "arn:aws:ec2:us-east-1:296094755179:security-group/sg-0d65ef1fd86e87aca",
            "description": "Managed by Terraform",
            "egress": [
              {
                "cidr_blocks": [
                  "0.0.0.0/0"
                ],
                "description": "",
                "from_port": 0,
                "ipv6_cidr_blocks": [],
                "prefix_list_ids": [],
                "protocol": "-1",
                "security_groups": [],
                "self": false,
                "to_port": 0
              }
            ],
            "id": "sg-0d65ef1fd86e87aca",
            "ingress": [
              {
                "cidr_blocks": [
                  "0.0.0.0/0"
                ],
                "description": "",
                "from_port": 22,
                "ipv6_cidr_blocks": [],
                "prefix_list_ids": [],
                "protocol": "tcp",
                "security_groups": [],
                "self": false,
                "to_port": 22
              },
              {
                "cidr_blocks": [
                  "0.0.0.0/0"
                ],
                "description": "",
                "from_port": 8080,
                "ipv6_cidr_blocks": [],
                "prefix_list_ids": [],
                "protocol": "tcp",
                "security_groups": [],
                "self": false,
                "to_port": 8080
              },
              {
                "cidr_blocks": [
                  "0.0.0.0/0"
                ],
                "description": "",
                "from_port": 80,
                "ipv6_cidr_blocks": [],
                "prefix_list_ids": [],
                "protocol": "tcp",
                "security_groups": [],
                "self": false,
                "to_port": 80
              }
            ],
            "name": "sg_22",
            "name_prefix": "",
            "owner_id": "296094755179",
            "revoke_rules_on_delete": false,
            "tags": null,
            "timeouts": null,
            "vpc_id": "vpc-01dfe1eaeb6a29950"
          },
          "sensitive_attributes": [],
          "private": "eyJlMmJmYjczMC1lY2FhLTExZTYtOGY4OC0zNDM2M2JjN2M0YzAiOnsiY3JlYXRlIjo2MDAwMDAwMDAwMDAsImRlbGV0ZSI6NjAwMDAwMDAwMDAwfSwic2NoZW1hX3ZlcnNpb24iOiIxIn0=",
          "dependencies": [
            "aws_vpc.vpc"
          ]
        }
      ]
    },
    {
      "mode": "managed",
      "type": "aws_subnet",
      "name": "subnet_public",
      "provider": "provider[\"registry.terraform.io/hashicorp/aws\"]",
      "instances": [
        {
          "schema_version": 1,
          "attributes": {
            "arn": "arn:aws:ec2:us-east-1:296094755179:subnet/subnet-042e769b1c6161afa",
            "assign_ipv6_address_on_creation": false,
            "availability_zone": "us-east-1f",
            "availability_zone_id": "use1-az5",
            "cidr_block": "10.1.0.0/24",
            "id": "subnet-042e769b1c6161afa",
            "ipv6_cidr_block": "",
            "ipv6_cidr_block_association_id": "",
            "map_public_ip_on_launch": false,
            "outpost_arn": "",
            "owner_id": "296094755179",
            "tags": null,
            "timeouts": null,
            "vpc_id": "vpc-01dfe1eaeb6a29950"
          },
          "sensitive_attributes": [],
          "private": "eyJlMmJmYjczMC1lY2FhLTExZTYtOGY4OC0zNDM2M2JjN2M0YzAiOnsiY3JlYXRlIjo2MDAwMDAwMDAwMDAsImRlbGV0ZSI6MTIwMDAwMDAwMDAwMH0sInNjaGVtYV92ZXJzaW9uIjoiMSJ9",
          "dependencies": [
            "aws_vpc.vpc"
          ]
        }
      ]
    },
    {
      "mode": "managed",
      "type": "aws_vpc",
      "name": "vpc",
      "provider": "provider[\"registry.terraform.io/hashicorp/aws\"]",
      "instances": [
        {
          "schema_version": 1,
          "attributes": {
            "arn": "arn:aws:ec2:us-east-1:296094755179:vpc/vpc-01dfe1eaeb6a29950",
            "assign_generated_ipv6_cidr_block": false,
            "cidr_block": "10.1.0.0/16",
            "default_network_acl_id": "acl-0fb0c287cfff0a755",
            "default_route_table_id": "rtb-002cef855951e9c83",
            "default_security_group_id": "sg-0c3d1d491c5e3b113",
            "dhcp_options_id": "dopt-436a2138",
            "enable_classiclink": false,
            "enable_classiclink_dns_support": false,
            "enable_dns_hostnames": true,
            "enable_dns_support": true,
            "id": "vpc-01dfe1eaeb6a29950",
            "instance_tenancy": "default",
            "ipv6_association_id": "",
            "ipv6_cidr_block": "",
            "main_route_table_id": "rtb-002cef855951e9c83",
            "owner_id": "296094755179",
            "tags": null
          },
          "sensitive_attributes": [],
          "private": "eyJzY2hlbWFfdmVyc2lvbiI6IjEifQ=="
        }
      ]
    }
  ]
}
